
Microsoft Visual Studio Solution File, Format Version 11.00
# Visual Studio 2010
Project("{FAE04EC0-301F-11D3-BF4B-00C04F79EFBC}") = "Unity.XR.Interaction.Toolkit.Samples.Hands", "Unity.XR.Interaction.Toolkit.Samples.Hands.csproj", "{ec056188-71e4-5adb-03af-097d3049e36d}"
EndProject
Project("{FAE04EC0-301F-11D3-BF4B-00C04F79EFBC}") = "Assembly-CSharp", "Assembly-CSharp.csproj", "{e1a6dd61-9d52-ea9e-3461-584c0f89ad27}"
EndProject
Project("{FAE04EC0-301F-11D3-BF4B-00C04F79EFBC}") = "Unity.XR.Interaction.Toolkit.Samples.StarterAssets", "Unity.XR.Interaction.Toolkit.Samples.StarterAssets.csproj", "{148c6afd-ebfe-0d04-ff32-8202bb5b0a7b}"
EndProject
Project("{FAE04EC0-301F-11D3-BF4B-00C04F79EFBC}") = "Unity.XR.Hands.Samples.VisualizerSample", "Unity.XR.Hands.Samples.VisualizerSample.csproj", "{eba19b2e-7f2e-7374-d4a8-2e5bbcafd48e}"
EndProject
Project("{FAE04EC0-301F-11D3-BF4B-00C04F79EFBC}") = "Unity.XR.Interaction.Toolkit.Samples.DeviceSimulator", "Unity.XR.Interaction.Toolkit.Samples.DeviceSimulator.csproj", "{d5efa871-f9db-c08b-81e2-ee6b4039e577}"
EndProject
Project("{FAE04EC0-301F-11D3-BF4B-00C04F79EFBC}") = "Unity.XR.Interaction.Toolkit.Samples.Hands.Editor", "Unity.XR.Interaction.Toolkit.Samples.Hands.Editor.csproj", "{cac9d5bc-eaea-127d-429a-a69cbc94347b}"
EndProject
Project("{FAE04EC0-301F-11D3-BF4B-00C04F79EFBC}") = "Unity.XR.Interaction.Toolkit.Samples.StarterAssets.Editor", "Unity.XR.Interaction.Toolkit.Samples.StarterAssets.Editor.csproj", "{f60135fe-fc55-20e2-a091-15f70c035cc8}"
EndProject
Global
	GlobalSection(SolutionConfigurationPlatforms) = preSolution
		Debug|Any CPU = Debug|Any CPU
	EndGlobalSection
	GlobalSection(ProjectConfigurationPlatforms) = postSolution
		{ec056188-71e4-5adb-03af-097d3049e36d}.Debug|Any CPU.ActiveCfg = Debug|Any CPU
		{ec056188-71e4-5adb-03af-097d3049e36d}.Debug|Any CPU.Build.0 = Debug|Any CPU
		{e1a6dd61-9d52-ea9e-3461-584c0f89ad27}.Debug|Any CPU.ActiveCfg = Debug|Any CPU
		{e1a6dd61-9d52-ea9e-3461-584c0f89ad27}.Debug|Any CPU.Build.0 = Debug|Any CPU
		{148c6afd-ebfe-0d04-ff32-8202bb5b0a7b}.Debug|Any CPU.ActiveCfg = Debug|Any CPU
		{148c6afd-ebfe-0d04-ff32-8202bb5b0a7b}.Debug|Any CPU.Build.0 = Debug|Any CPU
		{eba19b2e-7f2e-7374-d4a8-2e5bbcafd48e}.Debug|Any CPU.ActiveCfg = Debug|Any CPU
		{eba19b2e-7f2e-7374-d4a8-2e5bbcafd48e}.Debug|Any CPU.Build.0 = Debug|Any CPU
		{d5efa871-f9db-c08b-81e2-ee6b4039e577}.Debug|Any CPU.ActiveCfg = Debug|Any CPU
		{d5efa871-f9db-c08b-81e2-ee6b4039e577}.Debug|Any CPU.Build.0 = Debug|Any CPU
		{cac9d5bc-eaea-127d-429a-a69cbc94347b}.Debug|Any CPU.ActiveCfg = Debug|Any CPU
		{cac9d5bc-eaea-127d-429a-a69cbc94347b}.Debug|Any CPU.Build.0 = Debug|Any CPU
		{f60135fe-fc55-20e2-a091-15f70c035cc8}.Debug|Any CPU.ActiveCfg = Debug|Any CPU
		{f60135fe-fc55-20e2-a091-15f70c035cc8}.Debug|Any CPU.Build.0 = Debug|Any CPU
	EndGlobalSection
	GlobalSection(SolutionProperties) = preSolution
		HideSolutionNode = FALSE
	EndGlobalSection
EndGlobal
